{
  "name": "io",
  "version": "1.0.0",
  "lockfileVersion": 1,
  "requires": true,
  "dependencies": {
    "readline-promise": {
      "version": "1.0.3",
      "resolved": "https://registry.npmjs.org/readline-promise/-/readline-promise-1.0.3.tgz",
      "integrity": "sha512-sseBRVVaTSQ2x7nYs66xi7HbmarvsNBVj0Tcac4tOfn+XBeqJI0D5Ymcw/c2tb3myJ3DZmcHEwJ4fpUvtfIxJg=="
    }
  }
}
